
Microsoft Visual Studio Solution File, Format Version 12.00
# Visual Studio Version 17
VisualStudioVersion = 17.8.34525.116
MinimumVisualStudioVersion = 10.0.40219.1
Project("{FAE04EC0-301F-11D3-BF4B-00C04F79EFBC}") = "ASP MVC Lr6", "ASP MVC Lr6.csproj", "{1EBDB877-A881-4A99-8189-0B6819036F2C}"
EndProject
Global
	GlobalSection(SolutionConfigurationPlatforms) = preSolution
		Debug|Any CPU = Debug|Any CPU
		Release|Any CPU = Release|Any CPU
	EndGlobalSection
	GlobalSection(ProjectConfigurationPlatforms) = postSolution
		{1EBDB877-A881-4A99-8189-0B6819036F2C}.Debug|Any CPU.ActiveCfg = Debug|Any CPU
		{1EBDB877-A881-4A99-8189-0B6819036F2C}.Debug|Any CPU.Build.0 = Debug|Any CPU
		{1EBDB877-A881-4A99-8189-0B6819036F2C}.Release|Any CPU.ActiveCfg = Release|Any CPU
		{1EBDB877-A881-4A99-8189-0B6819036F2C}.Release|Any CPU.Build.0 = Release|Any CPU
	EndGlobalSection
	GlobalSection(SolutionProperties) = preSolution
		HideSolutionNode = FALSE
	EndGlobalSection
	GlobalSection(ExtensibilityGlobals) = postSolution
		SolutionGuid = {3C33E9EF-CDC9-4587-A843-9AE5D7BB7BD5}
	EndGlobalSection
EndGlobal
